
Microsoft Visual Studio Solution File, Format Version 12.00
# Visual Studio Version 17
VisualStudioVersion = 17.6.33829.357
MinimumVisualStudioVersion = 10.0.40219.1
Project("{9A19103F-16F7-4668-BE54-9A1E7A4F7556}") = "VAAI.Server", "VAAI.Server\VAAI.Server.csproj", "{910D9B87-7C4F-41EF-9BB5-2D090C77DC43}"
EndProject
Project("{9A19103F-16F7-4668-BE54-9A1E7A4F7556}") = "VAAI.Shared", "VAAI.Shared\VAAI.Shared.csproj", "{2C0FBAA3-841A-44CE-9A11-B9606EDA27B1}"
EndProject
Project("{9A19103F-16F7-4668-BE54-9A1E7A4F7556}") = "VAAI.STT", "VAAI.STT\VAAI.STT.csproj", "{BAB71C78-BE64-4D23-8625-9F01394AD4A8}"
EndProject
Project("{9A19103F-16F7-4668-BE54-9A1E7A4F7556}") = "VAAI.Library", "VAAI.Library\VAAI.Library.csproj", "{50DE2F40-B458-4750-A24D-5DFD510F28F0}"
EndProject
Project("{FAE04EC0-301F-11D3-BF4B-00C04F79EFBC}") = "VAAI.TTS", "VAAI.TTS\VAAI.TTS.csproj", "{417F6D29-4DEE-421C-A7E0-D0A5DE16AAE9}"
EndProject
Project("{FAE04EC0-301F-11D3-BF4B-00C04F79EFBC}") = "VAAI.LLM", "VAAI.LLM\VAAI.LLM.csproj", "{621FDDC3-D9C1-4B59-9DE5-D607EEF3E8D4}"
EndProject
Global
	GlobalSection(SolutionConfigurationPlatforms) = preSolution
		Debug|Any CPU = Debug|Any CPU
		Release|Any CPU = Release|Any CPU
	EndGlobalSection
	GlobalSection(ProjectConfigurationPlatforms) = postSolution
		{910D9B87-7C4F-41EF-9BB5-2D090C77DC43}.Debug|Any CPU.ActiveCfg = Debug|Any CPU
		{910D9B87-7C4F-41EF-9BB5-2D090C77DC43}.Debug|Any CPU.Build.0 = Debug|Any CPU
		{910D9B87-7C4F-41EF-9BB5-2D090C77DC43}.Release|Any CPU.ActiveCfg = Release|Any CPU
		{910D9B87-7C4F-41EF-9BB5-2D090C77DC43}.Release|Any CPU.Build.0 = Release|Any CPU
		{2C0FBAA3-841A-44CE-9A11-B9606EDA27B1}.Debug|Any CPU.ActiveCfg = Debug|Any CPU
		{2C0FBAA3-841A-44CE-9A11-B9606EDA27B1}.Debug|Any CPU.Build.0 = Debug|Any CPU
		{2C0FBAA3-841A-44CE-9A11-B9606EDA27B1}.Release|Any CPU.ActiveCfg = Release|Any CPU
		{2C0FBAA3-841A-44CE-9A11-B9606EDA27B1}.Release|Any CPU.Build.0 = Release|Any CPU
		{BAB71C78-BE64-4D23-8625-9F01394AD4A8}.Debug|Any CPU.ActiveCfg = Debug|Any CPU
		{BAB71C78-BE64-4D23-8625-9F01394AD4A8}.Debug|Any CPU.Build.0 = Debug|Any CPU
		{BAB71C78-BE64-4D23-8625-9F01394AD4A8}.Release|Any CPU.ActiveCfg = Release|Any CPU
		{BAB71C78-BE64-4D23-8625-9F01394AD4A8}.Release|Any CPU.Build.0 = Release|Any CPU
		{50DE2F40-B458-4750-A24D-5DFD510F28F0}.Debug|Any CPU.ActiveCfg = Debug|Any CPU
		{50DE2F40-B458-4750-A24D-5DFD510F28F0}.Debug|Any CPU.Build.0 = Debug|Any CPU
		{50DE2F40-B458-4750-A24D-5DFD510F28F0}.Release|Any CPU.ActiveCfg = Release|Any CPU
		{50DE2F40-B458-4750-A24D-5DFD510F28F0}.Release|Any CPU.Build.0 = Release|Any CPU
		{417F6D29-4DEE-421C-A7E0-D0A5DE16AAE9}.Debug|Any CPU.ActiveCfg = Debug|Any CPU
		{417F6D29-4DEE-421C-A7E0-D0A5DE16AAE9}.Debug|Any CPU.Build.0 = Debug|Any CPU
		{417F6D29-4DEE-421C-A7E0-D0A5DE16AAE9}.Release|Any CPU.ActiveCfg = Release|Any CPU
		{417F6D29-4DEE-421C-A7E0-D0A5DE16AAE9}.Release|Any CPU.Build.0 = Release|Any CPU
		{621FDDC3-D9C1-4B59-9DE5-D607EEF3E8D4}.Debug|Any CPU.ActiveCfg = Debug|Any CPU
		{621FDDC3-D9C1-4B59-9DE5-D607EEF3E8D4}.Debug|Any CPU.Build.0 = Debug|Any CPU
		{621FDDC3-D9C1-4B59-9DE5-D607EEF3E8D4}.Release|Any CPU.ActiveCfg = Release|Any CPU
		{621FDDC3-D9C1-4B59-9DE5-D607EEF3E8D4}.Release|Any CPU.Build.0 = Release|Any CPU
	EndGlobalSection
	GlobalSection(SolutionProperties) = preSolution
		HideSolutionNode = FALSE
	EndGlobalSection
	GlobalSection(ExtensibilityGlobals) = postSolution
		SolutionGuid = {B258CBFA-225B-46CD-B0E8-F8AA0E68AD54}
	EndGlobalSection
EndGlobal
